
Microsoft Visual Studio Solution File, Format Version 12.00
# Visual Studio Version 17
VisualStudioVersion = 17.14.37111.16 d17.14
MinimumVisualStudioVersion = 10.0.40219.1
Project("{888888A0-9F3D-457C-B088-3A5042F75D52}") = "synthprofile", "synthprofile.pyproj", "{BF4694FD-9916-4143-9B4F-533A3E854ACB}"
EndProject
Global
	GlobalSection(SolutionConfigurationPlatforms) = preSolution
		Debug|Any CPU = Debug|Any CPU
		Release|Any CPU = Release|Any CPU
	EndGlobalSection
	GlobalSection(ProjectConfigurationPlatforms) = postSolution
		{BF4694FD-9916-4143-9B4F-533A3E854ACB}.Debug|Any CPU.ActiveCfg = Debug|Any CPU
		{BF4694FD-9916-4143-9B4F-533A3E854ACB}.Release|Any CPU.ActiveCfg = Release|Any CPU
	EndGlobalSection
	GlobalSection(SolutionProperties) = preSolution
		HideSolutionNode = FALSE
	EndGlobalSection
	GlobalSection(ExtensibilityGlobals) = postSolution
		SolutionGuid = {C0E21682-9915-4F57-BC33-3C84DC7B8857}
	EndGlobalSection
EndGlobal
